
Microsoft Visual Studio Solution File, Format Version 12.00
# Visual Studio 15
VisualStudioVersion = 15.0.28307.902
MinimumVisualStudioVersion = 10.0.40219.1
Project("{FAE04EC0-301F-11D3-BF4B-00C04F79EFBC}") = "Pacman", "Pacman\Pacman.csproj", "{8A27738B-35AA-4D01-B4E2-B6B6BECFE609}"
EndProject
Project("{FAE04EC0-301F-11D3-BF4B-00C04F79EFBC}") = "Color", "Color\Color.csproj", "{27C12B4D-D05F-4551-8E64-59F6CAC33CC5}"
EndProject
Global
	GlobalSection(SolutionConfigurationPlatforms) = preSolution
		Debug|Any CPU = Debug|Any CPU
		Release|Any CPU = Release|Any CPU
	EndGlobalSection
	GlobalSection(ProjectConfigurationPlatforms) = postSolution
		{8A27738B-35AA-4D01-B4E2-B6B6BECFE609}.Debug|Any CPU.ActiveCfg = Debug|Any CPU
		{8A27738B-35AA-4D01-B4E2-B6B6BECFE609}.Debug|Any CPU.Build.0 = Debug|Any CPU
		{8A27738B-35AA-4D01-B4E2-B6B6BECFE609}.Release|Any CPU.ActiveCfg = Release|Any CPU
		{8A27738B-35AA-4D01-B4E2-B6B6BECFE609}.Release|Any CPU.Build.0 = Release|Any CPU
		{27C12B4D-D05F-4551-8E64-59F6CAC33CC5}.Debug|Any CPU.ActiveCfg = Debug|Any CPU
		{27C12B4D-D05F-4551-8E64-59F6CAC33CC5}.Debug|Any CPU.Build.0 = Debug|Any CPU
		{27C12B4D-D05F-4551-8E64-59F6CAC33CC5}.Release|Any CPU.ActiveCfg = Release|Any CPU
		{27C12B4D-D05F-4551-8E64-59F6CAC33CC5}.Release|Any CPU.Build.0 = Release|Any CPU
	EndGlobalSection
	GlobalSection(SolutionProperties) = preSolution
		HideSolutionNode = FALSE
	EndGlobalSection
	GlobalSection(ExtensibilityGlobals) = postSolution
		SolutionGuid = {95AB6937-7B82-4C1C-8A37-054CE9D23426}
	EndGlobalSection
EndGlobal
